// !$*UTF8*$!
{
	archiveVersion = 1;
	classes = {
	};
	objectVersion = 46;
	objects = {

/* Begin PBXBuildFile section */
		854ADC471CE533D30007AAA2 /* ProgrammaLayout.m in Sources */ = {isa = PBXBuildFile; fileRef = 854ADC461CE533D30007AAA2 /* ProgrammaLayout.m */; };
		854ADC4D1CE5354F0007AAA2 /* Cell_Program.m in Sources */ = {isa = PBXBuildFile; fileRef = 854ADC4C1CE5354F0007AAA2 /* Cell_Program.m */; };
		854ADC501CE53D770007AAA2 /* ProgramItem.m in Sources */ = {isa = PBXBuildFile; fileRef = 854ADC4F1CE53D770007AAA2 /* ProgramItem.m */; };
		8594B4881CE4B7F3000BC740 /* main.m in Sources */ = {isa = PBXBuildFile; fileRef = 8594B4871CE4B7F3000BC740 /* main.m */; };
		8594B48B1CE4B7F3000BC740 /* AppDelegate.m in Sources */ = {isa = PBXBuildFile; fileRef = 8594B48A1CE4B7F3000BC740 /* AppDelegate.m */; };
		8594B48E1CE4B7F3000BC740 /* ViewController.m in Sources */ = {isa = PBXBuildFile; fileRef = 8594B48D1CE4B7F3000BC740 /* ViewController.m */; };
		8594B4911CE4B7F3000BC740 /* Main.storyboard in Resources */ = {isa = PBXBuildFile; fileRef = 8594B48F1CE4B7F3000BC740 /* Main.storyboard */; };
		8594B4931CE4B7F3000BC740 /* Assets.xcassets in Resources */ = {isa = PBXBuildFile; fileRef = 8594B4921CE4B7F3000BC740 /* Assets.xcassets */; };
		8594B4961CE4B7F3000BC740 /* LaunchScreen.storyboard in Resources */ = {isa = PBXBuildFile; fileRef = 8594B4941CE4B7F3000BC740 /* LaunchScreen.storyboard */; };
		8594B49F1CE4B826000BC740 /* GridView.m in Sources */ = {isa = PBXBuildFile; fileRef = 8594B49E1CE4B826000BC740 /* GridView.m */; };
		8594B4A11CE4B832000BC740 /* GridView.xib in Resources */ = {isa = PBXBuildFile; fileRef = 8594B4A01CE4B832000BC740 /* GridView.xib */; };
		8594B4A41CE4C329000BC740 /* NSLayoutConstraint+Add.m in Sources */ = {isa = PBXBuildFile; fileRef = 8594B4A31CE4C329000BC740 /* NSLayoutConstraint+Add.m */; };
		85F7668C1CE5423E003AD585 /* UIView+WhenTappedBlocks.m in Sources */ = {isa = PBXBuildFile; fileRef = 85F7668A1CE5423E003AD585 /* UIView+WhenTappedBlocks.m */; };
/* End PBXBuildFile section */

/* Begin PBXFileReference section */
		854ADC451CE533D30007AAA2 /* ProgrammaLayout.h */ = {isa = PBXFileReference; fileEncoding = 4; lastKnownFileType = sourcecode.c.h; path = ProgrammaLayout.h; sourceTree = "<group>"; };
		854ADC461CE533D30007AAA2 /* ProgrammaLayout.m */ = {isa = PBXFileReference; fileEncoding = 4; lastKnownFileType = sourcecode.c.objc; path = ProgrammaLayout.m; sourceTree = "<group>"; };
		854ADC4B1CE5354F0007AAA2 /* Cell_Program.h */ = {isa = PBXFileReference; fileEncoding = 4; lastKnownFileType = sourcecode.c.h; path = Cell_Program.h; sourceTree = "<group>"; };
		854ADC4C1CE5354F0007AAA2 /* Cell_Program.m */ = {isa = PBXFileReference; fileEncoding = 4; lastKnownFileType = sourcecode.c.objc; path = Cell_Program.m; sourceTree = "<group>"; };
		854ADC4E1CE53D770007AAA2 /* ProgramItem.h */ = {isa = PBXFileReference; fileEncoding = 4; lastKnownFileType = sourcecode.c.h; path = ProgramItem.h; sourceTree = "<group>"; };
		854ADC4F1CE53D770007AAA2 /* ProgramItem.m */ = {isa = PBXFileReference; fileEncoding = 4; lastKnownFileType = sourcecode.c.objc; path = ProgramItem.m; sourceTree = "<group>"; };
		8594B4831CE4B7F3000BC740 /* GesDemo2.app */ = {isa = PBXFileReference; explicitFileType = wrapper.application; includeInIndex = 0; path = GesDemo2.app; sourceTree = BUILT_PRODUCTS_DIR; };
		8594B4871CE4B7F3000BC740 /* main.m */ = {isa = PBXFileReference; lastKnownFileType = sourcecode.c.objc; path = main.m; sourceTree = "<group>"; };
		8594B4891CE4B7F3000BC740 /* AppDelegate.h */ = {isa = PBXFileReference; lastKnownFileType = sourcecode.c.h; path = AppDelegate.h; sourceTree = "<group>"; };
		8594B48A1CE4B7F3000BC740 /* AppDelegate.m */ = {isa = PBXFileReference; lastKnownFileType = sourcecode.c.objc; path = AppDelegate.m; sourceTree = "<group>"; };
		8594B48C1CE4B7F3000BC740 /* ViewController.h */ = {isa = PBXFileReference; lastKnownFileType = sourcecode.c.h; path = ViewController.h; sourceTree = "<group>"; };
		8594B48D1CE4B7F3000BC740 /* ViewController.m */ = {isa = PBXFileReference; lastKnownFileType = sourcecode.c.objc; path = ViewController.m; sourceTree = "<group>"; };
		8594B4901CE4B7F3000BC740 /* Base */ = {isa = PBXFileReference; lastKnownFileType = file.storyboard; name = Base; path = Base.lproj/Main.storyboard; sourceTree = "<group>"; };
		8594B4921CE4B7F3000BC740 /* Assets.xcassets */ = {isa = PBXFileReference; lastKnownFileType = folder.assetcatalog; path = Assets.xcassets; sourceTree = "<group>"; };
		8594B4951CE4B7F3000BC740 /* Base */ = {isa = PBXFileReference; lastKnownFileType = file.storyboard; name = Base; path = Base.lproj/LaunchScreen.storyboard; sourceTree = "<group>"; };
		8594B4971CE4B7F3000BC740 /* Info.plist */ = {isa = PBXFileReference; lastKnownFileType = text.plist.xml; path = Info.plist; sourceTree = "<group>"; };
		8594B49D1CE4B826000BC740 /* GridView.h */ = {isa = PBXFileReference; fileEncoding = 4; lastKnownFileType = sourcecode.c.h; path = GridView.h; sourceTree = "<group>"; };
		8594B49E1CE4B826000BC740 /* GridView.m */ = {isa = PBXFileReference; fileEncoding = 4; lastKnownFileType = sourcecode.c.objc; path = GridView.m; sourceTree = "<group>"; };
		8594B4A01CE4B832000BC740 /* GridView.xib */ = {isa = PBXFileReference; fileEncoding = 4; lastKnownFileType = file.xib; path = GridView.xib; sourceTree = "<group>"; };
		8594B4A21CE4C329000BC740 /* NSLayoutConstraint+Add.h */ = {isa = PBXFileReference; fileEncoding = 4; lastKnownFileType = sourcecode.c.h; path = "NSLayoutConstraint+Add.h"; sourceTree = "<group>"; };
		8594B4A31CE4C329000BC740 /* NSLayoutConstraint+Add.m */ = {isa = PBXFileReference; fileEncoding = 4; lastKnownFileType = sourcecode.c.objc; path = "NSLayoutConstraint+Add.m"; sourceTree = "<group>"; };
		85F7668A1CE5423E003AD585 /* UIView+WhenTappedBlocks.m */ = {isa = PBXFileReference; fileEncoding = 4; lastKnownFileType = sourcecode.c.objc; path = "UIView+WhenTappedBlocks.m"; sourceTree = "<group>"; };
		85F7668B1CE5423E003AD585 /* UIView+WhenTappedBlocks.h */ = {isa = PBXFileReference; fileEncoding = 4; lastKnownFileType = sourcecode.c.h; path = "UIView+WhenTappedBlocks.h"; sourceTree = "<group>"; };
/* End PBXFileReference section */

/* Begin PBXFrameworksBuildPhase section */
		8594B4801CE4B7F3000BC740 /* Frameworks */ = {
			isa = PBXFrameworksBuildPhase;
			buildActionMask = 2147483647;
			files = (
			);
			runOnlyForDeploymentPostprocessing = 0;
		};
/* End PBXFrameworksBuildPhase section */

/* Begin PBXGroup section */
		8594B47A1CE4B7F3000BC740 = {
			isa = PBXGroup;
			children = (
				8594B4851CE4B7F3000BC740 /* GesDemo2 */,
				8594B4841CE4B7F3000BC740 /* Products */,
			);
			sourceTree = "<group>";
		};
		8594B4841CE4B7F3000BC740 /* Products */ = {
			isa = PBXGroup;
			children = (
				8594B4831CE4B7F3000BC740 /* GesDemo2.app */,
			);
			name = Products;
			sourceTree = "<group>";
		};
		8594B4851CE4B7F3000BC740 /* GesDemo2 */ = {
			isa = PBXGroup;
			children = (
				85F7668A1CE5423E003AD585 /* UIView+WhenTappedBlocks.m */,
				85F7668B1CE5423E003AD585 /* UIView+WhenTappedBlocks.h */,
				8594B4891CE4B7F3000BC740 /* AppDelegate.h */,
				8594B48A1CE4B7F3000BC740 /* AppDelegate.m */,
				8594B48C1CE4B7F3000BC740 /* ViewController.h */,
				8594B48D1CE4B7F3000BC740 /* ViewController.m */,
				854ADC4E1CE53D770007AAA2 /* ProgramItem.h */,
				854ADC4F1CE53D770007AAA2 /* ProgramItem.m */,
				854ADC4B1CE5354F0007AAA2 /* Cell_Program.h */,
				854ADC4C1CE5354F0007AAA2 /* Cell_Program.m */,
				854ADC451CE533D30007AAA2 /* ProgrammaLayout.h */,
				854ADC461CE533D30007AAA2 /* ProgrammaLayout.m */,
				8594B49D1CE4B826000BC740 /* GridView.h */,
				8594B49E1CE4B826000BC740 /* GridView.m */,
				8594B4A21CE4C329000BC740 /* NSLayoutConstraint+Add.h */,
				8594B4A31CE4C329000BC740 /* NSLayoutConstraint+Add.m */,
				8594B4A01CE4B832000BC740 /* GridView.xib */,
				8594B48F1CE4B7F3000BC740 /* Main.storyboard */,
				8594B4921CE4B7F3000BC740 /* Assets.xcassets */,
				8594B4941CE4B7F3000BC740 /* LaunchScreen.storyboard */,
				8594B4971CE4B7F3000BC740 /* Info.plist */,
				8594B4861CE4B7F3000BC740 /* Supporting Files */,
			);
			path = GesDemo2;
			sourceTree = "<group>";
		};
		8594B4861CE4B7F3000BC740 /* Supporting Files */ = {
			isa = PBXGroup;
			children = (
				8594B4871CE4B7F3000BC740 /* main.m */,
			);
			name = "Supporting Files";
			sourceTree = "<group>";
		};
/* End PBXGroup section */

/* Begin PBXNativeTarget section */
		8594B4821CE4B7F3000BC740 /* GesDemo2 */ = {
			isa = PBXNativeTarget;
			buildConfigurationList = 8594B49A1CE4B7F3000BC740 /* Build configuration list for PBXNativeTarget "GesDemo2" */;
			buildPhases = (
				8594B47F1CE4B7F3000BC740 /* Sources */,
				8594B4801CE4B7F3000BC740 /* Frameworks */,
				8594B4811CE4B7F3000BC740 /* Resources */,
			);
			buildRules = (
			);
			dependencies = (
			);
			name = GesDemo2;
			productName = GesDemo2;
			productReference = 8594B4831CE4B7F3000BC740 /* GesDemo2.app */;
			productType = "com.apple.product-type.application";
		};
/* End PBXNativeTarget section */

/* Begin PBXProject section */
		8594B47B1CE4B7F3000BC740 /* Project object */ = {
			isa = PBXProject;
			attributes = {
				LastUpgradeCheck = 0720;
				ORGANIZATIONNAME = XYJ;
				TargetAttributes = {
					8594B4821CE4B7F3000BC740 = {
						CreatedOnToolsVersion = 7.2;
					};
				};
			};
			buildConfigurationList = 8594B47E1CE4B7F3000BC740 /* Build configuration list for PBXProject "GesDemo2" */;
			compatibilityVersion = "Xcode 3.2";
			developmentRegion = English;
			hasScannedForEncodings = 0;
			knownRegions = (
				en,
				Base,
			);
			mainGroup = 8594B47A1CE4B7F3000BC740;
			productRefGroup = 8594B4841CE4B7F3000BC740 /* Products */;
			projectDirPath = "";
			projectRoot = "";
			targets = (
				8594B4821CE4B7F3000BC740 /* GesDemo2 */,
			);
		};
/* End PBXProject section */

/* Begin PBXResourcesBuildPhase section */
		8594B4811CE4B7F3000BC740 /* Resources */ = {
			isa = PBXResourcesBuildPhase;
			buildActionMask = 2147483647;
			files = (
				8594B4961CE4B7F3000BC740 /* LaunchScreen.storyboard in Resources */,
				8594B4931CE4B7F3000BC740 /* Assets.xcassets in Resources */,
				8594B4A11CE4B832000BC740 /* GridView.xib in Resources */,
				8594B4911CE4B7F3000BC740 /* Main.storyboard in Resources */,
			);
			runOnlyForDeploymentPostprocessing = 0;
		};
/* End PBXResourcesBuildPhase section */

/* Begin PBXSourcesBuildPhase section */
		8594B47F1CE4B7F3000BC740 /* Sources */ = {
			isa = PBXSourcesBuildPhase;
			buildActionMask = 2147483647;
			files = (
				85F7668C1CE5423E003AD585 /* UIView+WhenTappedBlocks.m in Sources */,
				8594B48E1CE4B7F3000BC740 /* ViewController.m in Sources */,
				854ADC4D1CE5354F0007AAA2 /* Cell_Program.m in Sources */,
				8594B48B1CE4B7F3000BC740 /* AppDelegate.m in Sources */,
				854ADC471CE533D30007AAA2 /* ProgrammaLayout.m in Sources */,
				8594B4A41CE4C329000BC740 /* NSLayoutConstraint+Add.m in Sources */,
				8594B49F1CE4B826000BC740 /* GridView.m in Sources */,
				8594B4881CE4B7F3000BC740 /* main.m in Sources */,
				854ADC501CE53D770007AAA2 /* ProgramItem.m in Sources */,
			);
			runOnlyForDeploymentPostprocessing = 0;
		};
/* End PBXSourcesBuildPhase section */

/* Begin PBXVariantGroup section */
		8594B48F1CE4B7F3000BC740 /* Main.storyboard */ = {
			isa = PBXVariantGroup;
			children = (
				8594B4901CE4B7F3000BC740 /* Base */,
			);
			name = Main.storyboard;
			sourceTree = "<group>";
		};
		8594B4941CE4B7F3000BC740 /* LaunchScreen.storyboard */ = {
			isa = PBXVariantGroup;
			children = (
				8594B4951CE4B7F3000BC740 /* Base */,
			);
			name = LaunchScreen.storyboard;
			sourceTree = "<group>";
		};
/* End PBXVariantGroup section */

/* Begin XCBuildConfiguration section */
		8594B4981CE4B7F3000BC740 /* Debug */ = {
			isa = XCBuildConfiguration;
			buildSettings = {
				ALWAYS_SEARCH_USER_PATHS = NO;
				CLANG_CXX_LANGUAGE_STANDARD = "gnu++0x";
				CLANG_CXX_LIBRARY = "libc++";
				CLANG_ENABLE_MODULES = YES;
				CLANG_ENABLE_OBJC_ARC = YES;
				CLANG_WARN_BOOL_CONVERSION = YES;
				CLANG_WARN_CONSTANT_CONVERSION = YES;
				CLANG_WARN_DIRECT_OBJC_ISA_USAGE = YES_ERROR;
				CLANG_WARN_EMPTY_BODY = YES;
				CLANG_WARN_ENUM_CONVERSION = YES;
				CLANG_WARN_INT_CONVERSION = YES;
				CLANG_WARN_OBJC_ROOT_CLASS = YES_ERROR;
				CLANG_WARN_UNREACHABLE_CODE = YES;
				CLANG_WARN__DUPLICATE_METHOD_MATCH = YES;
				"CODE_SIGN_IDENTITY[sdk=iphoneos*]" = "iPhone Developer";
				COPY_PHASE_STRIP = NO;
				DEBUG_INFORMATION_FORMAT = dwarf;
				ENABLE_STRICT_OBJC_MSGSEND = YES;
				ENABLE_TESTABILITY = YES;
				GCC_C_LANGUAGE_STANDARD = gnu99;
				GCC_DYNAMIC_NO_PIC = NO;
				GCC_NO_COMMON_BLOCKS = YES;
				GCC_OPTIMIZATION_LEVEL = 0;
				GCC_PREPROCESSOR_DEFINITIONS = (
					"DEBUG=1",
					"$(inherited)",
				);
				GCC_WARN_64_TO_32_BIT_CONVERSION = YES;
				GCC_WARN_ABOUT_RETURN_TYPE = YES_ERROR;
				GCC_WARN_UNDECLARED_SELECTOR = YES;
				GCC_WARN_UNINITIALIZED_AUTOS = YES_AGGRESSIVE;
				GCC_WARN_UNUSED_FUNCTION = YES;
				GCC_WARN_UNUSED_VARIABLE = YES;
				IPHONEOS_DEPLOYMENT_TARGET = 9.2;
				MTL_ENABLE_DEBUG_INFO = YES;
				ONLY_ACTIVE_ARCH = YES;
				SDKROOT = iphoneos;
			};
			name = Debug;
		};
		8594B4991CE4B7F3000BC740 /* Release */ = {
			isa = XCBuildConfiguration;
			buildSettings = {
				ALWAYS_SEARCH_USER_PATHS = NO;
				CLANG_CXX_LANGUAGE_STANDARD = "gnu++0x";
				CLANG_CXX_LIBRARY = "libc++";
				CLANG_ENABLE_MODULES = YES;
				CLANG_ENABLE_OBJC_ARC = YES;
				CLANG_WARN_BOOL_CONVERSION = YES;
				CLANG_WARN_CONSTANT_CONVERSION = YES;
				CLANG_WARN_DIRECT_OBJC_ISA_USAGE = YES_ERROR;
				CLANG_WARN_EMPTY_BODY = YES;
				CLANG_WARN_ENUM_CONVERSION = YES;
				CLANG_WARN_INT_CONVERSION = YES;
				CLANG_WARN_OBJC_ROOT_CLASS = YES_ERROR;
				CLANG_WARN_UNREACHABLE_CODE = YES;
				CLANG_WARN__DUPLICATE_METHOD_MATCH = YES;
				"CODE_SIGN_IDENTITY[sdk=iphoneos*]" = "iPhone Developer";
				COPY_PHASE_STRIP = NO;
				DEBUG_INFORMATION_FORMAT = "dwarf-with-dsym";
				ENABLE_NS_ASSERTIONS = NO;
				ENABLE_STRICT_OBJC_MSGSEND = YES;
				GCC_C_LANGUAGE_STANDARD = gnu99;
				GCC_NO_COMMON_BLOCKS = YES;
				GCC_WARN_64_TO_32_BIT_CONVERSION = YES;
				GCC_WARN_ABOUT_RETURN_TYPE = YES_ERROR;
				GCC_WARN_UNDECLARED_SELECTOR = YES;
				GCC_WARN_UNINITIALIZED_AUTOS = YES_AGGRESSIVE;
				GCC_WARN_UNUSED_FUNCTION = YES;
				GCC_WARN_UNUSED_VARIABLE = YES;
				IPHONEOS_DEPLOYMENT_TARGET = 9.2;
				MTL_ENABLE_DEBUG_INFO = NO;
				SDKROOT = iphoneos;
				VALIDATE_PRODUCT = YES;
			};
			name = Release;
		};
		8594B49B1CE4B7F3000BC740 /* Debug */ = {
			isa = XCBuildConfiguration;
			buildSettings = {
				ASSETCATALOG_COMPILER_APPICON_NAME = AppIcon;
				INFOPLIST_FILE = GesDemo2/Info.plist;
				LD_RUNPATH_SEARCH_PATHS = "$(inherited) @executable_path/Frameworks";
				PRODUCT_BUNDLE_IDENTIFIER = rihui.GesDemo2;
				PRODUCT_NAME = "$(TARGET_NAME)";
			};
			name = Debug;
		};
		8594B49C1CE4B7F3000BC740 /* Release */ = {
			isa = XCBuildConfiguration;
			buildSettings = {
				ASSETCATALOG_COMPILER_APPICON_NAME = AppIcon;
				INFOPLIST_FILE = GesDemo2/Info.plist;
				LD_RUNPATH_SEARCH_PATHS = "$(inherited) @executable_path/Frameworks";
				PRODUCT_BUNDLE_IDENTIFIER = rihui.GesDemo2;
				PRODUCT_NAME = "$(TARGET_NAME)";
			};
			name = Release;
		};
/* End XCBuildConfiguration section */

/* Begin XCConfigurationList section */
		8594B47E1CE4B7F3000BC740 /* Build configuration list for PBXProject "GesDemo2" */ = {
			isa = XCConfigurationList;
			buildConfigurations = (
				8594B4981CE4B7F3000BC740 /* Debug */,
				8594B4991CE4B7F3000BC740 /* Release */,
			);
			defaultConfigurationIsVisible = 0;
			defaultConfigurationName = Release;
		};
		8594B49A1CE4B7F3000BC740 /* Build configuration list for PBXNativeTarget "GesDemo2" */ = {
			isa = XCConfigurationList;
			buildConfigurations = (
				8594B49B1CE4B7F3000BC740 /* Debug */,
				8594B49C1CE4B7F3000BC740 /* Release */,
			);
			defaultConfigurationIsVisible = 0;
			defaultConfigurationName = Release;
		};
/* End XCConfigurationList section */
	};
	rootObject = 8594B47B1CE4B7F3000BC740 /* Project object */;
}
